// !$*UTF8*$!
{
	archiveVersion = 1;
	classes = {
	};
	objectVersion = 46;
	objects = {

/* Begin PBXBuildFile section */
		5B3E744A19C2435900AEFB6E /* AppDelegate.swift in Sources */ = {isa = PBXBuildFile; fileRef = 5B3E744919C2435900AEFB6E /* AppDelegate.swift */; };
		5B3E744C19C2435900AEFB6E /* GameScene.sks in Resources */ = {isa = PBXBuildFile; fileRef = 5B3E744B19C2435900AEFB6E /* GameScene.sks */; };
		5B3E744E19C2435900AEFB6E /* GameScene.swift in Sources */ = {isa = PBXBuildFile; fileRef = 5B3E744D19C2435900AEFB6E /* GameScene.swift */; };
		5B3E745019C2435900AEFB6E /* GameViewController.swift in Sources */ = {isa = PBXBuildFile; fileRef = 5B3E744F19C2435900AEFB6E /* GameViewController.swift */; };
		5B3E745319C2435900AEFB6E /* Main.storyboard in Resources */ = {isa = PBXBuildFile; fileRef = 5B3E745119C2435900AEFB6E /* Main.storyboard */; };
		5B3E745519C2435900AEFB6E /* Images.xcassets in Resources */ = {isa = PBXBuildFile; fileRef = 5B3E745419C2435900AEFB6E /* Images.xcassets */; };
		5B3E745819C2435900AEFB6E /* LaunchScreen.xib in Resources */ = {isa = PBXBuildFile; fileRef = 5B3E745619C2435900AEFB6E /* LaunchScreen.xib */; };
		5B3E746419C2435900AEFB6E /* SpaceRunTests.swift in Sources */ = {isa = PBXBuildFile; fileRef = 5B3E746319C2435900AEFB6E /* SpaceRunTests.swift */; };
		5B99E92E19C24D2D006EC4BD /* asteroid.png in Resources */ = {isa = PBXBuildFile; fileRef = 5B99E92C19C24D2D006EC4BD /* asteroid.png */; };
		5B99E92F19C24D2D006EC4BD /* photon.png in Resources */ = {isa = PBXBuildFile; fileRef = 5B99E92D19C24D2D006EC4BD /* photon.png */; };
/* End PBXBuildFile section */

/* Begin PBXContainerItemProxy section */
		5B3E745E19C2435900AEFB6E /* PBXContainerItemProxy */ = {
			isa = PBXContainerItemProxy;
			containerPortal = 5B3E743C19C2435900AEFB6E /* Project object */;
			proxyType = 1;
			remoteGlobalIDString = 5B3E744319C2435900AEFB6E;
			remoteInfo = SpaceRun;
		};
/* End PBXContainerItemProxy section */

/* Begin PBXFileReference section */
		5B3E744419C2435900AEFB6E /* SpaceRun.app */ = {isa = PBXFileReference; explicitFileType = wrapper.application; includeInIndex = 0; path = SpaceRun.app; sourceTree = BUILT_PRODUCTS_DIR; };
		5B3E744819C2435900AEFB6E /* Info.plist */ = {isa = PBXFileReference; lastKnownFileType = text.plist.xml; path = Info.plist; sourceTree = "<group>"; };
		5B3E744919C2435900AEFB6E /* AppDelegate.swift */ = {isa = PBXFileReference; lastKnownFileType = sourcecode.swift; path = AppDelegate.swift; sourceTree = "<group>"; };
		5B3E744B19C2435900AEFB6E /* GameScene.sks */ = {isa = PBXFileReference; lastKnownFileType = file.sks; path = GameScene.sks; sourceTree = "<group>"; };
		5B3E744D19C2435900AEFB6E /* GameScene.swift */ = {isa = PBXFileReference; lastKnownFileType = sourcecode.swift; path = GameScene.swift; sourceTree = "<group>"; };
		5B3E744F19C2435900AEFB6E /* GameViewController.swift */ = {isa = PBXFileReference; lastKnownFileType = sourcecode.swift; path = GameViewController.swift; sourceTree = "<group>"; };
		5B3E745219C2435900AEFB6E /* Base */ = {isa = PBXFileReference; lastKnownFileType = file.storyboard; name = Base; path = Base.lproj/Main.storyboard; sourceTree = "<group>"; };
		5B3E745419C2435900AEFB6E /* Images.xcassets */ = {isa = PBXFileReference; lastKnownFileType = folder.assetcatalog; path = Images.xcassets; sourceTree = "<group>"; };
		5B3E745719C2435900AEFB6E /* Base */ = {isa = PBXFileReference; lastKnownFileType = file.xib; name = Base; path = Base.lproj/LaunchScreen.xib; sourceTree = "<group>"; };
		5B3E745D19C2435900AEFB6E /* SpaceRunTests.xctest */ = {isa = PBXFileReference; explicitFileType = wrapper.cfbundle; includeInIndex = 0; path = SpaceRunTests.xctest; sourceTree = BUILT_PRODUCTS_DIR; };
		5B3E746219C2435900AEFB6E /* Info.plist */ = {isa = PBXFileReference; lastKnownFileType = text.plist.xml; path = Info.plist; sourceTree = "<group>"; };
		5B3E746319C2435900AEFB6E /* SpaceRunTests.swift */ = {isa = PBXFileReference; lastKnownFileType = sourcecode.swift; path = SpaceRunTests.swift; sourceTree = "<group>"; };
		5B99E92C19C24D2D006EC4BD /* asteroid.png */ = {isa = PBXFileReference; lastKnownFileType = image.png; path = asteroid.png; sourceTree = "<group>"; };
		5B99E92D19C24D2D006EC4BD /* photon.png */ = {isa = PBXFileReference; lastKnownFileType = image.png; path = photon.png; sourceTree = "<group>"; };
/* End PBXFileReference section */

/* Begin PBXFrameworksBuildPhase section */
		5B3E744119C2435900AEFB6E /* Frameworks */ = {
			isa = PBXFrameworksBuildPhase;
			buildActionMask = 2147483647;
			files = (
			);
			runOnlyForDeploymentPostprocessing = 0;
		};
		5B3E745A19C2435900AEFB6E /* Frameworks */ = {
			isa = PBXFrameworksBuildPhase;
			buildActionMask = 2147483647;
			files = (
			);
			runOnlyForDeploymentPostprocessing = 0;
		};
/* End PBXFrameworksBuildPhase section */

/* Begin PBXGroup section */
		5B3E743B19C2435900AEFB6E = {
			isa = PBXGroup;
			children = (
				5B3E744619C2435900AEFB6E /* SpaceRun */,
				5B3E746019C2435900AEFB6E /* SpaceRunTests */,
				5B3E744519C2435900AEFB6E /* Products */,
			);
			sourceTree = "<group>";
		};
		5B3E744519C2435900AEFB6E /* Products */ = {
			isa = PBXGroup;
			children = (
				5B3E744419C2435900AEFB6E /* SpaceRun.app */,
				5B3E745D19C2435900AEFB6E /* SpaceRunTests.xctest */,
			);
			name = Products;
			sourceTree = "<group>";
		};
		5B3E744619C2435900AEFB6E /* SpaceRun */ = {
			isa = PBXGroup;
			children = (
				5B3E744919C2435900AEFB6E /* AppDelegate.swift */,
				5B3E744B19C2435900AEFB6E /* GameScene.sks */,
				5B3E744D19C2435900AEFB6E /* GameScene.swift */,
				5B3E744F19C2435900AEFB6E /* GameViewController.swift */,
				5B3E745119C2435900AEFB6E /* Main.storyboard */,
				5B3E745419C2435900AEFB6E /* Images.xcassets */,
				5B3E745619C2435900AEFB6E /* LaunchScreen.xib */,
				5B3E744719C2435900AEFB6E /* Supporting Files */,
			);
			path = SpaceRun;
			sourceTree = "<group>";
		};
		5B3E744719C2435900AEFB6E /* Supporting Files */ = {
			isa = PBXGroup;
			children = (
				5B99E92C19C24D2D006EC4BD /* asteroid.png */,
				5B99E92D19C24D2D006EC4BD /* photon.png */,
				5B3E744819C2435900AEFB6E /* Info.plist */,
			);
			name = "Supporting Files";
			sourceTree = "<group>";
		};
		5B3E746019C2435900AEFB6E /* SpaceRunTests */ = {
			isa = PBXGroup;
			children = (
				5B3E746319C2435900AEFB6E /* SpaceRunTests.swift */,
				5B3E746119C2435900AEFB6E /* Supporting Files */,
			);
			path = SpaceRunTests;
			sourceTree = "<group>";
		};
		5B3E746119C2435900AEFB6E /* Supporting Files */ = {
			isa = PBXGroup;
			children = (
				5B3E746219C2435900AEFB6E /* Info.plist */,
			);
			name = "Supporting Files";
			sourceTree = "<group>";
		};
/* End PBXGroup section */

/* Begin PBXNativeTarget section */
		5B3E744319C2435900AEFB6E /* SpaceRun */ = {
			isa = PBXNativeTarget;
			buildConfigurationList = 5B3E746719C2435900AEFB6E /* Build configuration list for PBXNativeTarget "SpaceRun" */;
			buildPhases = (
				5B3E744019C2435900AEFB6E /* Sources */,
				5B3E744119C2435900AEFB6E /* Frameworks */,
				5B3E744219C2435900AEFB6E /* Resources */,
			);
			buildRules = (
			);
			dependencies = (
			);
			name = SpaceRun;
			productName = SpaceRun;
			productReference = 5B3E744419C2435900AEFB6E /* SpaceRun.app */;
			productType = "com.apple.product-type.application";
		};
		5B3E745C19C2435900AEFB6E /* SpaceRunTests */ = {
			isa = PBXNativeTarget;
			buildConfigurationList = 5B3E746A19C2435900AEFB6E /* Build configuration list for PBXNativeTarget "SpaceRunTests" */;
			buildPhases = (
				5B3E745919C2435900AEFB6E /* Sources */,
				5B3E745A19C2435900AEFB6E /* Frameworks */,
				5B3E745B19C2435900AEFB6E /* Resources */,
			);
			buildRules = (
			);
			dependencies = (
				5B3E745F19C2435900AEFB6E /* PBXTargetDependency */,
			);
			name = SpaceRunTests;
			productName = SpaceRunTests;
			productReference = 5B3E745D19C2435900AEFB6E /* SpaceRunTests.xctest */;
			productType = "com.apple.product-type.bundle.unit-test";
		};
/* End PBXNativeTarget section */

/* Begin PBXProject section */
		5B3E743C19C2435900AEFB6E /* Project object */ = {
			isa = PBXProject;
			attributes = {
				LastUpgradeCheck = 0600;
				ORGANIZATIONNAME = "Bill Bear";
				TargetAttributes = {
					5B3E744319C2435900AEFB6E = {
						CreatedOnToolsVersion = 6.0;
					};
					5B3E745C19C2435900AEFB6E = {
						CreatedOnToolsVersion = 6.0;
						TestTargetID = 5B3E744319C2435900AEFB6E;
					};
				};
			};
			buildConfigurationList = 5B3E743F19C2435900AEFB6E /* Build configuration list for PBXProject "SpaceRun" */;
			compatibilityVersion = "Xcode 3.2";
			developmentRegion = English;
			hasScannedForEncodings = 0;
			knownRegions = (
				en,
				Base,
			);
			mainGroup = 5B3E743B19C2435900AEFB6E;
			productRefGroup = 5B3E744519C2435900AEFB6E /* Products */;
			projectDirPath = "";
			projectRoot = "";
			targets = (
				5B3E744319C2435900AEFB6E /* SpaceRun */,
				5B3E745C19C2435900AEFB6E /* SpaceRunTests */,
			);
		};
/* End PBXProject section */

/* Begin PBXResourcesBuildPhase section */
		5B3E744219C2435900AEFB6E /* Resources */ = {
			isa = PBXResourcesBuildPhase;
			buildActionMask = 2147483647;
			files = (
				5B3E745819C2435900AEFB6E /* LaunchScreen.xib in Resources */,
				5B3E745519C2435900AEFB6E /* Images.xcassets in Resources */,
				5B3E744C19C2435900AEFB6E /* GameScene.sks in Resources */,
				5B99E92E19C24D2D006EC4BD /* asteroid.png in Resources */,
				5B3E745319C2435900AEFB6E /* Main.storyboard in Resources */,
				5B99E92F19C24D2D006EC4BD /* photon.png in Resources */,
			);
			runOnlyForDeploymentPostprocessing = 0;
		};
		5B3E745B19C2435900AEFB6E /* Resources */ = {
			isa = PBXResourcesBuildPhase;
			buildActionMask = 2147483647;
			files = (
			);
			runOnlyForDeploymentPostprocessing = 0;
		};
/* End PBXResourcesBuildPhase section */

/* Begin PBXSourcesBuildPhase section */
		5B3E744019C2435900AEFB6E /* Sources */ = {
			isa = PBXSourcesBuildPhase;
			buildActionMask = 2147483647;
			files = (
				5B3E744E19C2435900AEFB6E /* GameScene.swift in Sources */,
				5B3E745019C2435900AEFB6E /* GameViewController.swift in Sources */,
				5B3E744A19C2435900AEFB6E /* AppDelegate.swift in Sources */,
			);
			runOnlyForDeploymentPostprocessing = 0;
		};
		5B3E745919C2435900AEFB6E /* Sources */ = {
			isa = PBXSourcesBuildPhase;
			buildActionMask = 2147483647;
			files = (
				5B3E746419C2435900AEFB6E /* SpaceRunTests.swift in Sources */,
			);
			runOnlyForDeploymentPostprocessing = 0;
		};
/* End PBXSourcesBuildPhase section */

/* Begin PBXTargetDependency section */
		5B3E745F19C2435900AEFB6E /* PBXTargetDependency */ = {
			isa = PBXTargetDependency;
			target = 5B3E744319C2435900AEFB6E /* SpaceRun */;
			targetProxy = 5B3E745E19C2435900AEFB6E /* PBXContainerItemProxy */;
		};
/* End PBXTargetDependency section */

/* Begin PBXVariantGroup section */
		5B3E745119C2435900AEFB6E /* Main.storyboard */ = {
			isa = PBXVariantGroup;
			children = (
				5B3E745219C2435900AEFB6E /* Base */,
			);
			name = Main.storyboard;
			sourceTree = "<group>";
		};
		5B3E745619C2435900AEFB6E /* LaunchScreen.xib */ = {
			isa = PBXVariantGroup;
			children = (
				5B3E745719C2435900AEFB6E /* Base */,
			);
			name = LaunchScreen.xib;
			sourceTree = "<group>";
		};
/* End PBXVariantGroup section */

/* Begin XCBuildConfiguration section */
		5B3E746519C2435900AEFB6E /* Debug */ = {
			isa = XCBuildConfiguration;
			buildSettings = {
				ALWAYS_SEARCH_USER_PATHS = NO;
				CLANG_CXX_LANGUAGE_STANDARD = "gnu++0x";
				CLANG_CXX_LIBRARY = "libc++";
				CLANG_ENABLE_MODULES = YES;
				CLANG_ENABLE_OBJC_ARC = YES;
				CLANG_WARN_BOOL_CONVERSION = YES;
				CLANG_WARN_CONSTANT_CONVERSION = YES;
				CLANG_WARN_DIRECT_OBJC_ISA_USAGE = YES_ERROR;
				CLANG_WARN_EMPTY_BODY = YES;
				CLANG_WARN_ENUM_CONVERSION = YES;
				CLANG_WARN_INT_CONVERSION = YES;
				CLANG_WARN_OBJC_ROOT_CLASS = YES_ERROR;
				CLANG_WARN_UNREACHABLE_CODE = YES;
				CLANG_WARN__DUPLICATE_METHOD_MATCH = YES;
				"CODE_SIGN_IDENTITY[sdk=iphoneos*]" = "iPhone Developer";
				COPY_PHASE_STRIP = NO;
				ENABLE_STRICT_OBJC_MSGSEND = YES;
				GCC_C_LANGUAGE_STANDARD = gnu99;
				GCC_DYNAMIC_NO_PIC = NO;
				GCC_OPTIMIZATION_LEVEL = 0;
				GCC_PREPROCESSOR_DEFINITIONS = (
					"DEBUG=1",
					"$(inherited)",
				);
				GCC_SYMBOLS_PRIVATE_EXTERN = NO;
				GCC_WARN_64_TO_32_BIT_CONVERSION = YES;
				GCC_WARN_ABOUT_RETURN_TYPE = YES_ERROR;
				GCC_WARN_UNDECLARED_SELECTOR = YES;
				GCC_WARN_UNINITIALIZED_AUTOS = YES_AGGRESSIVE;
				GCC_WARN_UNUSED_FUNCTION = YES;
				GCC_WARN_UNUSED_VARIABLE = YES;
				IPHONEOS_DEPLOYMENT_TARGET = 8.0;
				MTL_ENABLE_DEBUG_INFO = YES;
				ONLY_ACTIVE_ARCH = YES;
				SDKROOT = iphoneos;
				SWIFT_OPTIMIZATION_LEVEL = "-Onone";
			};
			name = Debug;
		};
		5B3E746619C2435900AEFB6E /* Release */ = {
			isa = XCBuildConfiguration;
			buildSettings = {
				ALWAYS_SEARCH_USER_PATHS = NO;
				CLANG_CXX_LANGUAGE_STANDARD = "gnu++0x";
				CLANG_CXX_LIBRARY = "libc++";
				CLANG_ENABLE_MODULES = YES;
				CLANG_ENABLE_OBJC_ARC = YES;
				CLANG_WARN_BOOL_CONVERSION = YES;
				CLANG_WARN_CONSTANT_CONVERSION = YES;
				CLANG_WARN_DIRECT_OBJC_ISA_USAGE = YES_ERROR;
				CLANG_WARN_EMPTY_BODY = YES;
				CLANG_WARN_ENUM_CONVERSION = YES;
				CLANG_WARN_INT_CONVERSION = YES;
				CLANG_WARN_OBJC_ROOT_CLASS = YES_ERROR;
				CLANG_WARN_UNREACHABLE_CODE = YES;
				CLANG_WARN__DUPLICATE_METHOD_MATCH = YES;
				"CODE_SIGN_IDENTITY[sdk=iphoneos*]" = "iPhone Developer";
				COPY_PHASE_STRIP = YES;
				ENABLE_NS_ASSERTIONS = NO;
				ENABLE_STRICT_OBJC_MSGSEND = YES;
				GCC_C_LANGUAGE_STANDARD = gnu99;
				GCC_WARN_64_TO_32_BIT_CONVERSION = YES;
				GCC_WARN_ABOUT_RETURN_TYPE = YES_ERROR;
				GCC_WARN_UNDECLARED_SELECTOR = YES;
				GCC_WARN_UNINITIALIZED_AUTOS = YES_AGGRESSIVE;
				GCC_WARN_UNUSED_FUNCTION = YES;
				GCC_WARN_UNUSED_VARIABLE = YES;
				IPHONEOS_DEPLOYMENT_TARGET = 8.0;
				MTL_ENABLE_DEBUG_INFO = NO;
				SDKROOT = iphoneos;
				VALIDATE_PRODUCT = YES;
			};
			name = Release;
		};
		5B3E746819C2435900AEFB6E /* Debug */ = {
			isa = XCBuildConfiguration;
			buildSettings = {
				ASSETCATALOG_COMPILER_APPICON_NAME = AppIcon;
				INFOPLIST_FILE = SpaceRun/Info.plist;
				LD_RUNPATH_SEARCH_PATHS = "$(inherited) @executable_path/Frameworks";
				PRODUCT_NAME = "$(TARGET_NAME)";
			};
			name = Debug;
		};
		5B3E746919C2435900AEFB6E /* Release */ = {
			isa = XCBuildConfiguration;
			buildSettings = {
				ASSETCATALOG_COMPILER_APPICON_NAME = AppIcon;
				INFOPLIST_FILE = SpaceRun/Info.plist;
				LD_RUNPATH_SEARCH_PATHS = "$(inherited) @executable_path/Frameworks";
				PRODUCT_NAME = "$(TARGET_NAME)";
			};
			name = Release;
		};
		5B3E746B19C2435900AEFB6E /* Debug */ = {
			isa = XCBuildConfiguration;
			buildSettings = {
				BUNDLE_LOADER = "$(TEST_HOST)";
				FRAMEWORK_SEARCH_PATHS = (
					"$(SDKROOT)/Developer/Library/Frameworks",
					"$(inherited)",
				);
				GCC_PREPROCESSOR_DEFINITIONS = (
					"DEBUG=1",
					"$(inherited)",
				);
				INFOPLIST_FILE = SpaceRunTests/Info.plist;
				LD_RUNPATH_SEARCH_PATHS = "$(inherited) @executable_path/Frameworks @loader_path/Frameworks";
				PRODUCT_NAME = "$(TARGET_NAME)";
				TEST_HOST = "$(BUILT_PRODUCTS_DIR)/SpaceRun.app/SpaceRun";
			};
			name = Debug;
		};
		5B3E746C19C2435900AEFB6E /* Release */ = {
			isa = XCBuildConfiguration;
			buildSettings = {
				BUNDLE_LOADER = "$(TEST_HOST)";
				FRAMEWORK_SEARCH_PATHS = (
					"$(SDKROOT)/Developer/Library/Frameworks",
					"$(inherited)",
				);
				INFOPLIST_FILE = SpaceRunTests/Info.plist;
				LD_RUNPATH_SEARCH_PATHS = "$(inherited) @executable_path/Frameworks @loader_path/Frameworks";
				PRODUCT_NAME = "$(TARGET_NAME)";
				TEST_HOST = "$(BUILT_PRODUCTS_DIR)/SpaceRun.app/SpaceRun";
			};
			name = Release;
		};
/* End XCBuildConfiguration section */

/* Begin XCConfigurationList section */
		5B3E743F19C2435900AEFB6E /* Build configuration list for PBXProject "SpaceRun" */ = {
			isa = XCConfigurationList;
			buildConfigurations = (
				5B3E746519C2435900AEFB6E /* Debug */,
				5B3E746619C2435900AEFB6E /* Release */,
			);
			defaultConfigurationIsVisible = 0;
			defaultConfigurationName = Release;
		};
		5B3E746719C2435900AEFB6E /* Build configuration list for PBXNativeTarget "SpaceRun" */ = {
			isa = XCConfigurationList;
			buildConfigurations = (
				5B3E746819C2435900AEFB6E /* Debug */,
				5B3E746919C2435900AEFB6E /* Release */,
			);
			defaultConfigurationIsVisible = 0;
			defaultConfigurationName = Release;
		};
		5B3E746A19C2435900AEFB6E /* Build configuration list for PBXNativeTarget "SpaceRunTests" */ = {
			isa = XCConfigurationList;
			buildConfigurations = (
				5B3E746B19C2435900AEFB6E /* Debug */,
				5B3E746C19C2435900AEFB6E /* Release */,
			);
			defaultConfigurationIsVisible = 0;
			defaultConfigurationName = Release;
		};
/* End XCConfigurationList section */
	};
	rootObject = 5B3E743C19C2435900AEFB6E /* Project object */;
}
